
Microsoft Visual Studio Solution File, Format Version 12.00
# Visual Studio Version 16
VisualStudioVersion = 16.0.30907.101
MinimumVisualStudioVersion = 10.0.40219.1
Project("{9A19103F-16F7-4668-BE54-9A1E7A4F7556}") = "AspNetCore.Sass", "AspNetCore.Sass\AspNetCore.Sass.csproj", "{9E81C164-01D7-4B4A-9949-95144314ABEC}"
EndProject
Project("{FAE04EC0-301F-11D3-BF4B-00C04F79EFBC}") = "AspNetCore.Sass.Sample", "Samples\AspNetCore.Sass.Sample\AspNetCore.Sass.Sample.csproj", "{37656785-8C80-4E14-AF1A-6EAE89B2F7CF}"
EndProject
Global
	GlobalSection(SolutionConfigurationPlatforms) = preSolution
		Debug|Any CPU = Debug|Any CPU
		Release|Any CPU = Release|Any CPU
	EndGlobalSection
	GlobalSection(ProjectConfigurationPlatforms) = postSolution
		{9E81C164-01D7-4B4A-9949-95144314ABEC}.Debug|Any CPU.ActiveCfg = Debug|Any CPU
		{9E81C164-01D7-4B4A-9949-95144314ABEC}.Debug|Any CPU.Build.0 = Debug|Any CPU
		{9E81C164-01D7-4B4A-9949-95144314ABEC}.Release|Any CPU.ActiveCfg = Release|Any CPU
		{9E81C164-01D7-4B4A-9949-95144314ABEC}.Release|Any CPU.Build.0 = Release|Any CPU
		{37656785-8C80-4E14-AF1A-6EAE89B2F7CF}.Debug|Any CPU.ActiveCfg = Debug|Any CPU
		{37656785-8C80-4E14-AF1A-6EAE89B2F7CF}.Debug|Any CPU.Build.0 = Debug|Any CPU
		{37656785-8C80-4E14-AF1A-6EAE89B2F7CF}.Release|Any CPU.ActiveCfg = Release|Any CPU
		{37656785-8C80-4E14-AF1A-6EAE89B2F7CF}.Release|Any CPU.Build.0 = Release|Any CPU
	EndGlobalSection
	GlobalSection(SolutionProperties) = preSolution
		HideSolutionNode = FALSE
	EndGlobalSection
	GlobalSection(ExtensibilityGlobals) = postSolution
		SolutionGuid = {D80C4BD8-9F9F-4931-84A4-E159972074FC}
	EndGlobalSection
EndGlobal
